// !$*UTF8*$!
{
	archiveVersion = 1;
	classes = {
	};
	objectVersion = 50;
	objects = {

/* Begin PBXBuildFile section */
		46A73352209C5682009CC3ED /* AppDelegate.m in Sources */ = {isa = PBXBuildFile; fileRef = 46A73351209C5682009CC3ED /* AppDelegate.m */; };
		46A73355209C5682009CC3ED /* ViewController.m in Sources */ = {isa = PBXBuildFile; fileRef = 46A73354209C5682009CC3ED /* ViewController.m */; };
		46A73358209C5682009CC3ED /* Main.storyboard in Resources */ = {isa = PBXBuildFile; fileRef = 46A73356209C5682009CC3ED /* Main.storyboard */; };
		46A7335A209C5684009CC3ED /* Assets.xcassets in Resources */ = {isa = PBXBuildFile; fileRef = 46A73359209C5684009CC3ED /* Assets.xcassets */; };
		46A7335D209C5684009CC3ED /* LaunchScreen.storyboard in Resources */ = {isa = PBXBuildFile; fileRef = 46A7335B209C5684009CC3ED /* LaunchScreen.storyboard */; };
		46A73360209C5684009CC3ED /* main.m in Sources */ = {isa = PBXBuildFile; fileRef = 46A7335F209C5684009CC3ED /* main.m */; };
		46A7336A209C5684009CC3ED /* DemoTests.m in Sources */ = {isa = PBXBuildFile; fileRef = 46A73369209C5684009CC3ED /* DemoTests.m */; };
		46A73375209C5684009CC3ED /* DemoUITests.m in Sources */ = {isa = PBXBuildFile; fileRef = 46A73374209C5684009CC3ED /* DemoUITests.m */; };
		46A7338B209C569B009CC3ED /* HTCKeyboardRes.bundle in Resources */ = {isa = PBXBuildFile; fileRef = 46A73383209C569A009CC3ED /* HTCKeyboardRes.bundle */; };
		46A7338C209C569B009CC3ED /* HTCPopView.m in Sources */ = {isa = PBXBuildFile; fileRef = 46A73387209C569A009CC3ED /* HTCPopView.m */; };
		46A7338D209C569B009CC3ED /* HTCListView.m in Sources */ = {isa = PBXBuildFile; fileRef = 46A73388209C569A009CC3ED /* HTCListView.m */; };
		46A7338E209C569B009CC3ED /* HTCKeyboard.m in Sources */ = {isa = PBXBuildFile; fileRef = 46A73389209C569A009CC3ED /* HTCKeyboard.m */; };
/* End PBXBuildFile section */

/* Begin PBXContainerItemProxy section */
		46A73366209C5684009CC3ED /* PBXContainerItemProxy */ = {
			isa = PBXContainerItemProxy;
			containerPortal = 46A73345209C5682009CC3ED /* Project object */;
			proxyType = 1;
			remoteGlobalIDString = 46A7334C209C5682009CC3ED;
			remoteInfo = Demo;
		};
		46A73371209C5684009CC3ED /* PBXContainerItemProxy */ = {
			isa = PBXContainerItemProxy;
			containerPortal = 46A73345209C5682009CC3ED /* Project object */;
			proxyType = 1;
			remoteGlobalIDString = 46A7334C209C5682009CC3ED;
			remoteInfo = Demo;
		};
/* End PBXContainerItemProxy section */

/* Begin PBXFileReference section */
		46A7334D209C5682009CC3ED /* Demo.app */ = {isa = PBXFileReference; explicitFileType = wrapper.application; includeInIndex = 0; path = Demo.app; sourceTree = BUILT_PRODUCTS_DIR; };
		46A73350209C5682009CC3ED /* AppDelegate.h */ = {isa = PBXFileReference; lastKnownFileType = sourcecode.c.h; path = AppDelegate.h; sourceTree = "<group>"; };
		46A73351209C5682009CC3ED /* AppDelegate.m */ = {isa = PBXFileReference; lastKnownFileType = sourcecode.c.objc; path = AppDelegate.m; sourceTree = "<group>"; };
		46A73353209C5682009CC3ED /* ViewController.h */ = {isa = PBXFileReference; lastKnownFileType = sourcecode.c.h; path = ViewController.h; sourceTree = "<group>"; };
		46A73354209C5682009CC3ED /* ViewController.m */ = {isa = PBXFileReference; lastKnownFileType = sourcecode.c.objc; path = ViewController.m; sourceTree = "<group>"; };
		46A73357209C5682009CC3ED /* Base */ = {isa = PBXFileReference; lastKnownFileType = file.storyboard; name = Base; path = Base.lproj/Main.storyboard; sourceTree = "<group>"; };
		46A73359209C5684009CC3ED /* Assets.xcassets */ = {isa = PBXFileReference; lastKnownFileType = folder.assetcatalog; path = Assets.xcassets; sourceTree = "<group>"; };
		46A7335C209C5684009CC3ED /* Base */ = {isa = PBXFileReference; lastKnownFileType = file.storyboard; name = Base; path = Base.lproj/LaunchScreen.storyboard; sourceTree = "<group>"; };
		46A7335E209C5684009CC3ED /* Info.plist */ = {isa = PBXFileReference; lastKnownFileType = text.plist.xml; path = Info.plist; sourceTree = "<group>"; };
		46A7335F209C5684009CC3ED /* main.m */ = {isa = PBXFileReference; lastKnownFileType = sourcecode.c.objc; path = main.m; sourceTree = "<group>"; };
		46A73365209C5684009CC3ED /* DemoTests.xctest */ = {isa = PBXFileReference; explicitFileType = wrapper.cfbundle; includeInIndex = 0; path = DemoTests.xctest; sourceTree = BUILT_PRODUCTS_DIR; };
		46A73369209C5684009CC3ED /* DemoTests.m */ = {isa = PBXFileReference; lastKnownFileType = sourcecode.c.objc; path = DemoTests.m; sourceTree = "<group>"; };
		46A7336B209C5684009CC3ED /* Info.plist */ = {isa = PBXFileReference; lastKnownFileType = text.plist.xml; path = Info.plist; sourceTree = "<group>"; };
		46A73370209C5684009CC3ED /* DemoUITests.xctest */ = {isa = PBXFileReference; explicitFileType = wrapper.cfbundle; includeInIndex = 0; path = DemoUITests.xctest; sourceTree = BUILT_PRODUCTS_DIR; };
		46A73374209C5684009CC3ED /* DemoUITests.m */ = {isa = PBXFileReference; lastKnownFileType = sourcecode.c.objc; path = DemoUITests.m; sourceTree = "<group>"; };
		46A73376209C5684009CC3ED /* Info.plist */ = {isa = PBXFileReference; lastKnownFileType = text.plist.xml; path = Info.plist; sourceTree = "<group>"; };
		46A73383209C569A009CC3ED /* HTCKeyboardRes.bundle */ = {isa = PBXFileReference; lastKnownFileType = "wrapper.plug-in"; path = HTCKeyboardRes.bundle; sourceTree = "<group>"; };
		46A73384209C569A009CC3ED /* HTCListView.h */ = {isa = PBXFileReference; fileEncoding = 4; lastKnownFileType = sourcecode.c.h; path = HTCListView.h; sourceTree = "<group>"; };
		46A73385209C569A009CC3ED /* HTCKeyboard.h */ = {isa = PBXFileReference; fileEncoding = 4; lastKnownFileType = sourcecode.c.h; path = HTCKeyboard.h; sourceTree = "<group>"; };
		46A73386209C569A009CC3ED /* HTCHeader.h */ = {isa = PBXFileReference; fileEncoding = 4; lastKnownFileType = sourcecode.c.h; path = HTCHeader.h; sourceTree = "<group>"; };
		46A73387209C569A009CC3ED /* HTCPopView.m */ = {isa = PBXFileReference; fileEncoding = 4; lastKnownFileType = sourcecode.c.objc; path = HTCPopView.m; sourceTree = "<group>"; };
		46A73388209C569A009CC3ED /* HTCListView.m */ = {isa = PBXFileReference; fileEncoding = 4; lastKnownFileType = sourcecode.c.objc; path = HTCListView.m; sourceTree = "<group>"; };
		46A73389209C569A009CC3ED /* HTCKeyboard.m */ = {isa = PBXFileReference; fileEncoding = 4; lastKnownFileType = sourcecode.c.objc; path = HTCKeyboard.m; sourceTree = "<group>"; };
		46A7338A209C569A009CC3ED /* HTCPopView.h */ = {isa = PBXFileReference; fileEncoding = 4; lastKnownFileType = sourcecode.c.h; path = HTCPopView.h; sourceTree = "<group>"; };
/* End PBXFileReference section */

/* Begin PBXFrameworksBuildPhase section */
		46A7334A209C5682009CC3ED /* Frameworks */ = {
			isa = PBXFrameworksBuildPhase;
			buildActionMask = 2147483647;
			files = (
			);
			runOnlyForDeploymentPostprocessing = 0;
		};
		46A73362209C5684009CC3ED /* Frameworks */ = {
			isa = PBXFrameworksBuildPhase;
			buildActionMask = 2147483647;
			files = (
			);
			runOnlyForDeploymentPostprocessing = 0;
		};
		46A7336D209C5684009CC3ED /* Frameworks */ = {
			isa = PBXFrameworksBuildPhase;
			buildActionMask = 2147483647;
			files = (
			);
			runOnlyForDeploymentPostprocessing = 0;
		};
/* End PBXFrameworksBuildPhase section */

/* Begin PBXGroup section */
		46A73344209C5682009CC3ED = {
			isa = PBXGroup;
			children = (
				46A7334F209C5682009CC3ED /* Demo */,
				46A73368209C5684009CC3ED /* DemoTests */,
				46A73373209C5684009CC3ED /* DemoUITests */,
				46A7334E209C5682009CC3ED /* Products */,
			);
			sourceTree = "<group>";
		};
		46A7334E209C5682009CC3ED /* Products */ = {
			isa = PBXGroup;
			children = (
				46A7334D209C5682009CC3ED /* Demo.app */,
				46A73365209C5684009CC3ED /* DemoTests.xctest */,
				46A73370209C5684009CC3ED /* DemoUITests.xctest */,
			);
			name = Products;
			sourceTree = "<group>";
		};
		46A7334F209C5682009CC3ED /* Demo */ = {
			isa = PBXGroup;
			children = (
				46A73382209C569A009CC3ED /* HTCKeyboard */,
				46A73350209C5682009CC3ED /* AppDelegate.h */,
				46A73351209C5682009CC3ED /* AppDelegate.m */,
				46A73353209C5682009CC3ED /* ViewController.h */,
				46A73354209C5682009CC3ED /* ViewController.m */,
				46A73356209C5682009CC3ED /* Main.storyboard */,
				46A73359209C5684009CC3ED /* Assets.xcassets */,
				46A7335B209C5684009CC3ED /* LaunchScreen.storyboard */,
				46A7335E209C5684009CC3ED /* Info.plist */,
				46A7335F209C5684009CC3ED /* main.m */,
			);
			path = Demo;
			sourceTree = "<group>";
		};
		46A73368209C5684009CC3ED /* DemoTests */ = {
			isa = PBXGroup;
			children = (
				46A73369209C5684009CC3ED /* DemoTests.m */,
				46A7336B209C5684009CC3ED /* Info.plist */,
			);
			path = DemoTests;
			sourceTree = "<group>";
		};
		46A73373209C5684009CC3ED /* DemoUITests */ = {
			isa = PBXGroup;
			children = (
				46A73374209C5684009CC3ED /* DemoUITests.m */,
				46A73376209C5684009CC3ED /* Info.plist */,
			);
			path = DemoUITests;
			sourceTree = "<group>";
		};
		46A73382209C569A009CC3ED /* HTCKeyboard */ = {
			isa = PBXGroup;
			children = (
				46A73383209C569A009CC3ED /* HTCKeyboardRes.bundle */,
				46A73384209C569A009CC3ED /* HTCListView.h */,
				46A73385209C569A009CC3ED /* HTCKeyboard.h */,
				46A73386209C569A009CC3ED /* HTCHeader.h */,
				46A73387209C569A009CC3ED /* HTCPopView.m */,
				46A73388209C569A009CC3ED /* HTCListView.m */,
				46A73389209C569A009CC3ED /* HTCKeyboard.m */,
				46A7338A209C569A009CC3ED /* HTCPopView.h */,
			);
			name = HTCKeyboard;
			path = ../../HTCKeyboard;
			sourceTree = "<group>";
		};
/* End PBXGroup section */

/* Begin PBXNativeTarget section */
		46A7334C209C5682009CC3ED /* Demo */ = {
			isa = PBXNativeTarget;
			buildConfigurationList = 46A73379209C5684009CC3ED /* Build configuration list for PBXNativeTarget "Demo" */;
			buildPhases = (
				46A73349209C5682009CC3ED /* Sources */,
				46A7334A209C5682009CC3ED /* Frameworks */,
				46A7334B209C5682009CC3ED /* Resources */,
			);
			buildRules = (
			);
			dependencies = (
			);
			name = Demo;
			productName = Demo;
			productReference = 46A7334D209C5682009CC3ED /* Demo.app */;
			productType = "com.apple.product-type.application";
		};
		46A73364209C5684009CC3ED /* DemoTests */ = {
			isa = PBXNativeTarget;
			buildConfigurationList = 46A7337C209C5684009CC3ED /* Build configuration list for PBXNativeTarget "DemoTests" */;
			buildPhases = (
				46A73361209C5684009CC3ED /* Sources */,
				46A73362209C5684009CC3ED /* Frameworks */,
				46A73363209C5684009CC3ED /* Resources */,
			);
			buildRules = (
			);
			dependencies = (
				46A73367209C5684009CC3ED /* PBXTargetDependency */,
			);
			name = DemoTests;
			productName = DemoTests;
			productReference = 46A73365209C5684009CC3ED /* DemoTests.xctest */;
			productType = "com.apple.product-type.bundle.unit-test";
		};
		46A7336F209C5684009CC3ED /* DemoUITests */ = {
			isa = PBXNativeTarget;
			buildConfigurationList = 46A7337F209C5684009CC3ED /* Build configuration list for PBXNativeTarget "DemoUITests" */;
			buildPhases = (
				46A7336C209C5684009CC3ED /* Sources */,
				46A7336D209C5684009CC3ED /* Frameworks */,
				46A7336E209C5684009CC3ED /* Resources */,
			);
			buildRules = (
			);
			dependencies = (
				46A73372209C5684009CC3ED /* PBXTargetDependency */,
			);
			name = DemoUITests;
			productName = DemoUITests;
			productReference = 46A73370209C5684009CC3ED /* DemoUITests.xctest */;
			productType = "com.apple.product-type.bundle.ui-testing";
		};
/* End PBXNativeTarget section */

/* Begin PBXProject section */
		46A73345209C5682009CC3ED /* Project object */ = {
			isa = PBXProject;
			attributes = {
				LastUpgradeCheck = 0930;
				ORGANIZATIONNAME = "KT--stc08";
				TargetAttributes = {
					46A7334C209C5682009CC3ED = {
						CreatedOnToolsVersion = 9.3;
					};
					46A73364209C5684009CC3ED = {
						CreatedOnToolsVersion = 9.3;
						TestTargetID = 46A7334C209C5682009CC3ED;
					};
					46A7336F209C5684009CC3ED = {
						CreatedOnToolsVersion = 9.3;
						TestTargetID = 46A7334C209C5682009CC3ED;
					};
				};
			};
			buildConfigurationList = 46A73348209C5682009CC3ED /* Build configuration list for PBXProject "Demo" */;
			compatibilityVersion = "Xcode 9.3";
			developmentRegion = en;
			hasScannedForEncodings = 0;
			knownRegions = (
				en,
				Base,
			);
			mainGroup = 46A73344209C5682009CC3ED;
			productRefGroup = 46A7334E209C5682009CC3ED /* Products */;
			projectDirPath = "";
			projectRoot = "";
			targets = (
				46A7334C209C5682009CC3ED /* Demo */,
				46A73364209C5684009CC3ED /* DemoTests */,
				46A7336F209C5684009CC3ED /* DemoUITests */,
			);
		};
/* End PBXProject section */

/* Begin PBXResourcesBuildPhase section */
		46A7334B209C5682009CC3ED /* Resources */ = {
			isa = PBXResourcesBuildPhase;
			buildActionMask = 2147483647;
			files = (
				46A7335D209C5684009CC3ED /* LaunchScreen.storyboard in Resources */,
				46A7335A209C5684009CC3ED /* Assets.xcassets in Resources */,
				46A73358209C5682009CC3ED /* Main.storyboard in Resources */,
				46A7338B209C569B009CC3ED /* HTCKeyboardRes.bundle in Resources */,
			);
			runOnlyForDeploymentPostprocessing = 0;
		};
		46A73363209C5684009CC3ED /* Resources */ = {
			isa = PBXResourcesBuildPhase;
			buildActionMask = 2147483647;
			files = (
			);
			runOnlyForDeploymentPostprocessing = 0;
		};
		46A7336E209C5684009CC3ED /* Resources */ = {
			isa = PBXResourcesBuildPhase;
			buildActionMask = 2147483647;
			files = (
			);
			runOnlyForDeploymentPostprocessing = 0;
		};
/* End PBXResourcesBuildPhase section */

/* Begin PBXSourcesBuildPhase section */
		46A73349209C5682009CC3ED /* Sources */ = {
			isa = PBXSourcesBuildPhase;
			buildActionMask = 2147483647;
			files = (
				46A7338C209C569B009CC3ED /* HTCPopView.m in Sources */,
				46A7338D209C569B009CC3ED /* HTCListView.m in Sources */,
				46A73355209C5682009CC3ED /* ViewController.m in Sources */,
				46A73360209C5684009CC3ED /* main.m in Sources */,
				46A7338E209C569B009CC3ED /* HTCKeyboard.m in Sources */,
				46A73352209C5682009CC3ED /* AppDelegate.m in Sources */,
			);
			runOnlyForDeploymentPostprocessing = 0;
		};
		46A73361209C5684009CC3ED /* Sources */ = {
			isa = PBXSourcesBuildPhase;
			buildActionMask = 2147483647;
			files = (
				46A7336A209C5684009CC3ED /* DemoTests.m in Sources */,
			);
			runOnlyForDeploymentPostprocessing = 0;
		};
		46A7336C209C5684009CC3ED /* Sources */ = {
			isa = PBXSourcesBuildPhase;
			buildActionMask = 2147483647;
			files = (
				46A73375209C5684009CC3ED /* DemoUITests.m in Sources */,
			);
			runOnlyForDeploymentPostprocessing = 0;
		};
/* End PBXSourcesBuildPhase section */

/* Begin PBXTargetDependency section */
		46A73367209C5684009CC3ED /* PBXTargetDependency */ = {
			isa = PBXTargetDependency;
			target = 46A7334C209C5682009CC3ED /* Demo */;
			targetProxy = 46A73366209C5684009CC3ED /* PBXContainerItemProxy */;
		};
		46A73372209C5684009CC3ED /* PBXTargetDependency */ = {
			isa = PBXTargetDependency;
			target = 46A7334C209C5682009CC3ED /* Demo */;
			targetProxy = 46A73371209C5684009CC3ED /* PBXContainerItemProxy */;
		};
/* End PBXTargetDependency section */

/* Begin PBXVariantGroup section */
		46A73356209C5682009CC3ED /* Main.storyboard */ = {
			isa = PBXVariantGroup;
			children = (
				46A73357209C5682009CC3ED /* Base */,
			);
			name = Main.storyboard;
			sourceTree = "<group>";
		};
		46A7335B209C5684009CC3ED /* LaunchScreen.storyboard */ = {
			isa = PBXVariantGroup;
			children = (
				46A7335C209C5684009CC3ED /* Base */,
			);
			name = LaunchScreen.storyboard;
			sourceTree = "<group>";
		};
/* End PBXVariantGroup section */

/* Begin XCBuildConfiguration section */
		46A73377209C5684009CC3ED /* Debug */ = {
			isa = XCBuildConfiguration;
			buildSettings = {
				ALWAYS_SEARCH_USER_PATHS = NO;
				CLANG_ANALYZER_NONNULL = YES;
				CLANG_ANALYZER_NUMBER_OBJECT_CONVERSION = YES_AGGRESSIVE;
				CLANG_CXX_LANGUAGE_STANDARD = "gnu++14";
				CLANG_CXX_LIBRARY = "libc++";
				CLANG_ENABLE_MODULES = YES;
				CLANG_ENABLE_OBJC_ARC = YES;
				CLANG_ENABLE_OBJC_WEAK = YES;
				CLANG_WARN_BLOCK_CAPTURE_AUTORELEASING = YES;
				CLANG_WARN_BOOL_CONVERSION = YES;
				CLANG_WARN_COMMA = YES;
				CLANG_WARN_CONSTANT_CONVERSION = YES;
				CLANG_WARN_DEPRECATED_OBJC_IMPLEMENTATIONS = YES;
				CLANG_WARN_DIRECT_OBJC_ISA_USAGE = YES_ERROR;
				CLANG_WARN_DOCUMENTATION_COMMENTS = YES;
				CLANG_WARN_EMPTY_BODY = YES;
				CLANG_WARN_ENUM_CONVERSION = YES;
				CLANG_WARN_INFINITE_RECURSION = YES;
				CLANG_WARN_INT_CONVERSION = YES;
				CLANG_WARN_NON_LITERAL_NULL_CONVERSION = YES;
				CLANG_WARN_OBJC_IMPLICIT_RETAIN_SELF = YES;
				CLANG_WARN_OBJC_LITERAL_CONVERSION = YES;
				CLANG_WARN_OBJC_ROOT_CLASS = YES_ERROR;
				CLANG_WARN_RANGE_LOOP_ANALYSIS = YES;
				CLANG_WARN_STRICT_PROTOTYPES = YES;
				CLANG_WARN_SUSPICIOUS_MOVE = YES;
				CLANG_WARN_UNGUARDED_AVAILABILITY = YES_AGGRESSIVE;
				CLANG_WARN_UNREACHABLE_CODE = YES;
				CLANG_WARN__DUPLICATE_METHOD_MATCH = YES;
				CODE_SIGN_IDENTITY = "iPhone Developer";
				COPY_PHASE_STRIP = NO;
				DEBUG_INFORMATION_FORMAT = dwarf;
				ENABLE_STRICT_OBJC_MSGSEND = YES;
				ENABLE_TESTABILITY = YES;
				GCC_C_LANGUAGE_STANDARD = gnu11;
				GCC_DYNAMIC_NO_PIC = NO;
				GCC_NO_COMMON_BLOCKS = YES;
				GCC_OPTIMIZATION_LEVEL = 0;
				GCC_PREPROCESSOR_DEFINITIONS = (
					"DEBUG=1",
					"$(inherited)",
				);
				GCC_WARN_64_TO_32_BIT_CONVERSION = YES;
				GCC_WARN_ABOUT_RETURN_TYPE = YES_ERROR;
				GCC_WARN_UNDECLARED_SELECTOR = YES;
				GCC_WARN_UNINITIALIZED_AUTOS = YES_AGGRESSIVE;
				GCC_WARN_UNUSED_FUNCTION = YES;
				GCC_WARN_UNUSED_VARIABLE = YES;
				IPHONEOS_DEPLOYMENT_TARGET = 11.3;
				MTL_ENABLE_DEBUG_INFO = YES;
				ONLY_ACTIVE_ARCH = YES;
				SDKROOT = iphoneos;
			};
			name = Debug;
		};
		46A73378209C5684009CC3ED /* Release */ = {
			isa = XCBuildConfiguration;
			buildSettings = {
				ALWAYS_SEARCH_USER_PATHS = NO;
				CLANG_ANALYZER_NONNULL = YES;
				CLANG_ANALYZER_NUMBER_OBJECT_CONVERSION = YES_AGGRESSIVE;
				CLANG_CXX_LANGUAGE_STANDARD = "gnu++14";
				CLANG_CXX_LIBRARY = "libc++";
				CLANG_ENABLE_MODULES = YES;
				CLANG_ENABLE_OBJC_ARC = YES;
				CLANG_ENABLE_OBJC_WEAK = YES;
				CLANG_WARN_BLOCK_CAPTURE_AUTORELEASING = YES;
				CLANG_WARN_BOOL_CONVERSION = YES;
				CLANG_WARN_COMMA = YES;
				CLANG_WARN_CONSTANT_CONVERSION = YES;
				CLANG_WARN_DEPRECATED_OBJC_IMPLEMENTATIONS = YES;
				CLANG_WARN_DIRECT_OBJC_ISA_USAGE = YES_ERROR;
				CLANG_WARN_DOCUMENTATION_COMMENTS = YES;
				CLANG_WARN_EMPTY_BODY = YES;
				CLANG_WARN_ENUM_CONVERSION = YES;
				CLANG_WARN_INFINITE_RECURSION = YES;
				CLANG_WARN_INT_CONVERSION = YES;
				CLANG_WARN_NON_LITERAL_NULL_CONVERSION = YES;
				CLANG_WARN_OBJC_IMPLICIT_RETAIN_SELF = YES;
				CLANG_WARN_OBJC_LITERAL_CONVERSION = YES;
				CLANG_WARN_OBJC_ROOT_CLASS = YES_ERROR;
				CLANG_WARN_RANGE_LOOP_ANALYSIS = YES;
				CLANG_WARN_STRICT_PROTOTYPES = YES;
				CLANG_WARN_SUSPICIOUS_MOVE = YES;
				CLANG_WARN_UNGUARDED_AVAILABILITY = YES_AGGRESSIVE;
				CLANG_WARN_UNREACHABLE_CODE = YES;
				CLANG_WARN__DUPLICATE_METHOD_MATCH = YES;
				CODE_SIGN_IDENTITY = "iPhone Developer";
				COPY_PHASE_STRIP = NO;
				DEBUG_INFORMATION_FORMAT = "dwarf-with-dsym";
				ENABLE_NS_ASSERTIONS = NO;
				ENABLE_STRICT_OBJC_MSGSEND = YES;
				GCC_C_LANGUAGE_STANDARD = gnu11;
				GCC_NO_COMMON_BLOCKS = YES;
				GCC_WARN_64_TO_32_BIT_CONVERSION = YES;
				GCC_WARN_ABOUT_RETURN_TYPE = YES_ERROR;
				GCC_WARN_UNDECLARED_SELECTOR = YES;
				GCC_WARN_UNINITIALIZED_AUTOS = YES_AGGRESSIVE;
				GCC_WARN_UNUSED_FUNCTION = YES;
				GCC_WARN_UNUSED_VARIABLE = YES;
				IPHONEOS_DEPLOYMENT_TARGET = 11.3;
				MTL_ENABLE_DEBUG_INFO = NO;
				SDKROOT = iphoneos;
				VALIDATE_PRODUCT = YES;
			};
			name = Release;
		};
		46A7337A209C5684009CC3ED /* Debug */ = {
			isa = XCBuildConfiguration;
			buildSettings = {
				ASSETCATALOG_COMPILER_APPICON_NAME = AppIcon;
				CODE_SIGN_STYLE = Automatic;
				INFOPLIST_FILE = Demo/Info.plist;
				LD_RUNPATH_SEARCH_PATHS = (
					"$(inherited)",
					"@executable_path/Frameworks",
				);
				PRODUCT_BUNDLE_IDENTIFIER = huang.Demo;
				PRODUCT_NAME = "$(TARGET_NAME)";
				TARGETED_DEVICE_FAMILY = "1,2";
			};
			name = Debug;
		};
		46A7337B209C5684009CC3ED /* Release */ = {
			isa = XCBuildConfiguration;
			buildSettings = {
				ASSETCATALOG_COMPILER_APPICON_NAME = AppIcon;
				CODE_SIGN_STYLE = Automatic;
				INFOPLIST_FILE = Demo/Info.plist;
				LD_RUNPATH_SEARCH_PATHS = (
					"$(inherited)",
					"@executable_path/Frameworks",
				);
				PRODUCT_BUNDLE_IDENTIFIER = huang.Demo;
				PRODUCT_NAME = "$(TARGET_NAME)";
				TARGETED_DEVICE_FAMILY = "1,2";
			};
			name = Release;
		};
		46A7337D209C5684009CC3ED /* Debug */ = {
			isa = XCBuildConfiguration;
			buildSettings = {
				BUNDLE_LOADER = "$(TEST_HOST)";
				CODE_SIGN_STYLE = Automatic;
				INFOPLIST_FILE = DemoTests/Info.plist;
				LD_RUNPATH_SEARCH_PATHS = (
					"$(inherited)",
					"@executable_path/Frameworks",
					"@loader_path/Frameworks",
				);
				PRODUCT_BUNDLE_IDENTIFIER = huang.DemoTests;
				PRODUCT_NAME = "$(TARGET_NAME)";
				TARGETED_DEVICE_FAMILY = "1,2";
				TEST_HOST = "$(BUILT_PRODUCTS_DIR)/Demo.app/Demo";
			};
			name = Debug;
		};
		46A7337E209C5684009CC3ED /* Release */ = {
			isa = XCBuildConfiguration;
			buildSettings = {
				BUNDLE_LOADER = "$(TEST_HOST)";
				CODE_SIGN_STYLE = Automatic;
				INFOPLIST_FILE = DemoTests/Info.plist;
				LD_RUNPATH_SEARCH_PATHS = (
					"$(inherited)",
					"@executable_path/Frameworks",
					"@loader_path/Frameworks",
				);
				PRODUCT_BUNDLE_IDENTIFIER = huang.DemoTests;
				PRODUCT_NAME = "$(TARGET_NAME)";
				TARGETED_DEVICE_FAMILY = "1,2";
				TEST_HOST = "$(BUILT_PRODUCTS_DIR)/Demo.app/Demo";
			};
			name = Release;
		};
		46A73380209C5684009CC3ED /* Debug */ = {
			isa = XCBuildConfiguration;
			buildSettings = {
				CODE_SIGN_STYLE = Automatic;
				INFOPLIST_FILE = DemoUITests/Info.plist;
				LD_RUNPATH_SEARCH_PATHS = (
					"$(inherited)",
					"@executable_path/Frameworks",
					"@loader_path/Frameworks",
				);
				PRODUCT_BUNDLE_IDENTIFIER = huang.DemoUITests;
				PRODUCT_NAME = "$(TARGET_NAME)";
				TARGETED_DEVICE_FAMILY = "1,2";
				TEST_TARGET_NAME = Demo;
			};
			name = Debug;
		};
		46A73381209C5684009CC3ED /* Release */ = {
			isa = XCBuildConfiguration;
			buildSettings = {
				CODE_SIGN_STYLE = Automatic;
				INFOPLIST_FILE = DemoUITests/Info.plist;
				LD_RUNPATH_SEARCH_PATHS = (
					"$(inherited)",
					"@executable_path/Frameworks",
					"@loader_path/Frameworks",
				);
				PRODUCT_BUNDLE_IDENTIFIER = huang.DemoUITests;
				PRODUCT_NAME = "$(TARGET_NAME)";
				TARGETED_DEVICE_FAMILY = "1,2";
				TEST_TARGET_NAME = Demo;
			};
			name = Release;
		};
/* End XCBuildConfiguration section */

/* Begin XCConfigurationList section */
		46A73348209C5682009CC3ED /* Build configuration list for PBXProject "Demo" */ = {
			isa = XCConfigurationList;
			buildConfigurations = (
				46A73377209C5684009CC3ED /* Debug */,
				46A73378209C5684009CC3ED /* Release */,
			);
			defaultConfigurationIsVisible = 0;
			defaultConfigurationName = Release;
		};
		46A73379209C5684009CC3ED /* Build configuration list for PBXNativeTarget "Demo" */ = {
			isa = XCConfigurationList;
			buildConfigurations = (
				46A7337A209C5684009CC3ED /* Debug */,
				46A7337B209C5684009CC3ED /* Release */,
			);
			defaultConfigurationIsVisible = 0;
			defaultConfigurationName = Release;
		};
		46A7337C209C5684009CC3ED /* Build configuration list for PBXNativeTarget "DemoTests" */ = {
			isa = XCConfigurationList;
			buildConfigurations = (
				46A7337D209C5684009CC3ED /* Debug */,
				46A7337E209C5684009CC3ED /* Release */,
			);
			defaultConfigurationIsVisible = 0;
			defaultConfigurationName = Release;
		};
		46A7337F209C5684009CC3ED /* Build configuration list for PBXNativeTarget "DemoUITests" */ = {
			isa = XCConfigurationList;
			buildConfigurations = (
				46A73380209C5684009CC3ED /* Debug */,
				46A73381209C5684009CC3ED /* Release */,
			);
			defaultConfigurationIsVisible = 0;
			defaultConfigurationName = Release;
		};
/* End XCConfigurationList section */
	};
	rootObject = 46A73345209C5682009CC3ED /* Project object */;
}
